
Microsoft Visual Studio Solution File, Format Version 12.00
# Visual Studio Version 16
VisualStudioVersion = 16.0.31729.503
MinimumVisualStudioVersion = 10.0.40219.1
Project("{FAE04EC0-301F-11D3-BF4B-00C04F79EFBC}") = "EX7-12", "EX7-12\EX7-12.csproj", "{EB543201-BF11-4A69-9C27-881F6778489D}"
EndProject
Global
	GlobalSection(SolutionConfigurationPlatforms) = preSolution
		Debug|Any CPU = Debug|Any CPU
		Release|Any CPU = Release|Any CPU
	EndGlobalSection
	GlobalSection(ProjectConfigurationPlatforms) = postSolution
		{EB543201-BF11-4A69-9C27-881F6778489D}.Debug|Any CPU.ActiveCfg = Debug|Any CPU
		{EB543201-BF11-4A69-9C27-881F6778489D}.Debug|Any CPU.Build.0 = Debug|Any CPU
		{EB543201-BF11-4A69-9C27-881F6778489D}.Release|Any CPU.ActiveCfg = Release|Any CPU
		{EB543201-BF11-4A69-9C27-881F6778489D}.Release|Any CPU.Build.0 = Release|Any CPU
	EndGlobalSection
	GlobalSection(SolutionProperties) = preSolution
		HideSolutionNode = FALSE
	EndGlobalSection
	GlobalSection(ExtensibilityGlobals) = postSolution
		SolutionGuid = {FA93983D-4864-4524-8771-1D81FE13D9FA}
	EndGlobalSection
EndGlobal
