
Microsoft Visual Studio Solution File, Format Version 12.00
# Visual Studio Version 17
VisualStudioVersion = 17.0.31912.275
MinimumVisualStudioVersion = 10.0.40219.1
Project("{FAE04EC0-301F-11D3-BF4B-00C04F79EFBC}") = "Chapter8_3", "Chapter8_3\Chapter8_3.csproj", "{14740D4B-2155-4B92-98A4-8699F6C8C458}"
EndProject
Global
	GlobalSection(SolutionConfigurationPlatforms) = preSolution
		Debug|Any CPU = Debug|Any CPU
		Release|Any CPU = Release|Any CPU
	EndGlobalSection
	GlobalSection(ProjectConfigurationPlatforms) = postSolution
		{14740D4B-2155-4B92-98A4-8699F6C8C458}.Debug|Any CPU.ActiveCfg = Debug|Any CPU
		{14740D4B-2155-4B92-98A4-8699F6C8C458}.Debug|Any CPU.Build.0 = Debug|Any CPU
		{14740D4B-2155-4B92-98A4-8699F6C8C458}.Release|Any CPU.ActiveCfg = Release|Any CPU
		{14740D4B-2155-4B92-98A4-8699F6C8C458}.Release|Any CPU.Build.0 = Release|Any CPU
	EndGlobalSection
	GlobalSection(SolutionProperties) = preSolution
		HideSolutionNode = FALSE
	EndGlobalSection
	GlobalSection(ExtensibilityGlobals) = postSolution
		SolutionGuid = {CD777FA6-468B-49C2-A363-7A111387C725}
	EndGlobalSection
EndGlobal
