
Microsoft Visual Studio Solution File, Format Version 12.00
# Visual Studio Version 17
VisualStudioVersion = 17.0.31912.275
MinimumVisualStudioVersion = 10.0.40219.1
Project("{FAE04EC0-301F-11D3-BF4B-00C04F79EFBC}") = "detectdriver", "detectdriver\detectdriver.csproj", "{818A0D56-7C26-44E3-BFAA-A37B304282C9}"
EndProject
Global
	GlobalSection(SolutionConfigurationPlatforms) = preSolution
		Debug|Any CPU = Debug|Any CPU
		Release|Any CPU = Release|Any CPU
	EndGlobalSection
	GlobalSection(ProjectConfigurationPlatforms) = postSolution
		{818A0D56-7C26-44E3-BFAA-A37B304282C9}.Debug|Any CPU.ActiveCfg = Debug|Any CPU
		{818A0D56-7C26-44E3-BFAA-A37B304282C9}.Debug|Any CPU.Build.0 = Debug|Any CPU
		{818A0D56-7C26-44E3-BFAA-A37B304282C9}.Release|Any CPU.ActiveCfg = Release|Any CPU
		{818A0D56-7C26-44E3-BFAA-A37B304282C9}.Release|Any CPU.Build.0 = Release|Any CPU
	EndGlobalSection
	GlobalSection(SolutionProperties) = preSolution
		HideSolutionNode = FALSE
	EndGlobalSection
	GlobalSection(ExtensibilityGlobals) = postSolution
		SolutionGuid = {4A0A9BEC-7E46-423E-BE74-A8C48CDEE898}
	EndGlobalSection
EndGlobal
