
Microsoft Visual Studio Solution File, Format Version 12.00
# Visual Studio Version 17
VisualStudioVersion = 17.0.31912.275
MinimumVisualStudioVersion = 10.0.40219.1
Project("{FAE04EC0-301F-11D3-BF4B-00C04F79EFBC}") = "Experiment7-2", "Experiment7-2\Experiment7-2.csproj", "{970FD0BB-70D4-4E77-9E68-5B8FDDB1397E}"
EndProject
Global
	GlobalSection(SolutionConfigurationPlatforms) = preSolution
		Debug|Any CPU = Debug|Any CPU
		Release|Any CPU = Release|Any CPU
	EndGlobalSection
	GlobalSection(ProjectConfigurationPlatforms) = postSolution
		{970FD0BB-70D4-4E77-9E68-5B8FDDB1397E}.Debug|Any CPU.ActiveCfg = Debug|Any CPU
		{970FD0BB-70D4-4E77-9E68-5B8FDDB1397E}.Debug|Any CPU.Build.0 = Debug|Any CPU
		{970FD0BB-70D4-4E77-9E68-5B8FDDB1397E}.Release|Any CPU.ActiveCfg = Release|Any CPU
		{970FD0BB-70D4-4E77-9E68-5B8FDDB1397E}.Release|Any CPU.Build.0 = Release|Any CPU
	EndGlobalSection
	GlobalSection(SolutionProperties) = preSolution
		HideSolutionNode = FALSE
	EndGlobalSection
	GlobalSection(ExtensibilityGlobals) = postSolution
		SolutionGuid = {5C939C3F-16E4-4B57-80EF-B4BFC86B3970}
	EndGlobalSection
EndGlobal
