
Microsoft Visual Studio Solution File, Format Version 12.00
# Visual Studio Version 17
VisualStudioVersion = 17.0.31912.275
MinimumVisualStudioVersion = 10.0.40219.1
Project("{FAE04EC0-301F-11D3-BF4B-00C04F79EFBC}") = "Ex8_6", "Ex8_6\Ex8_6.csproj", "{4903D714-0B23-4184-A6FF-CB6F452ED6EC}"
EndProject
Global
	GlobalSection(SolutionConfigurationPlatforms) = preSolution
		Debug|Any CPU = Debug|Any CPU
		Release|Any CPU = Release|Any CPU
	EndGlobalSection
	GlobalSection(ProjectConfigurationPlatforms) = postSolution
		{4903D714-0B23-4184-A6FF-CB6F452ED6EC}.Debug|Any CPU.ActiveCfg = Debug|Any CPU
		{4903D714-0B23-4184-A6FF-CB6F452ED6EC}.Debug|Any CPU.Build.0 = Debug|Any CPU
		{4903D714-0B23-4184-A6FF-CB6F452ED6EC}.Release|Any CPU.ActiveCfg = Release|Any CPU
		{4903D714-0B23-4184-A6FF-CB6F452ED6EC}.Release|Any CPU.Build.0 = Release|Any CPU
	EndGlobalSection
	GlobalSection(SolutionProperties) = preSolution
		HideSolutionNode = FALSE
	EndGlobalSection
	GlobalSection(ExtensibilityGlobals) = postSolution
		SolutionGuid = {2ACE8467-BEEC-4911-9AED-518014D6DB75}
	EndGlobalSection
EndGlobal
