
Microsoft Visual Studio Solution File, Format Version 12.00
# Visual Studio Version 17
VisualStudioVersion = 17.0.31912.275
MinimumVisualStudioVersion = 10.0.40219.1
Project("{FAE04EC0-301F-11D3-BF4B-00C04F79EFBC}") = "Ex9_3", "Ex9_3\Ex9_3.csproj", "{5A02F674-486D-4C79-9517-5997FD451FCF}"
EndProject
Global
	GlobalSection(SolutionConfigurationPlatforms) = preSolution
		Debug|Any CPU = Debug|Any CPU
		Release|Any CPU = Release|Any CPU
	EndGlobalSection
	GlobalSection(ProjectConfigurationPlatforms) = postSolution
		{5A02F674-486D-4C79-9517-5997FD451FCF}.Debug|Any CPU.ActiveCfg = Debug|Any CPU
		{5A02F674-486D-4C79-9517-5997FD451FCF}.Debug|Any CPU.Build.0 = Debug|Any CPU
		{5A02F674-486D-4C79-9517-5997FD451FCF}.Release|Any CPU.ActiveCfg = Release|Any CPU
		{5A02F674-486D-4C79-9517-5997FD451FCF}.Release|Any CPU.Build.0 = Release|Any CPU
	EndGlobalSection
	GlobalSection(SolutionProperties) = preSolution
		HideSolutionNode = FALSE
	EndGlobalSection
	GlobalSection(ExtensibilityGlobals) = postSolution
		SolutionGuid = {AF2BA819-B2D3-4D5E-B8E8-5BCAF92CCB57}
	EndGlobalSection
EndGlobal
