
Microsoft Visual Studio Solution File, Format Version 12.00
# Visual Studio Version 17
VisualStudioVersion = 17.0.31912.275
MinimumVisualStudioVersion = 10.0.40219.1
Project("{FAE04EC0-301F-11D3-BF4B-00C04F79EFBC}") = "Chapter8_2", "Chapter8_2\Chapter8_2.csproj", "{9BAE9E35-889D-4242-B867-C43806A64E0D}"
EndProject
Global
	GlobalSection(SolutionConfigurationPlatforms) = preSolution
		Debug|Any CPU = Debug|Any CPU
		Release|Any CPU = Release|Any CPU
	EndGlobalSection
	GlobalSection(ProjectConfigurationPlatforms) = postSolution
		{9BAE9E35-889D-4242-B867-C43806A64E0D}.Debug|Any CPU.ActiveCfg = Debug|Any CPU
		{9BAE9E35-889D-4242-B867-C43806A64E0D}.Debug|Any CPU.Build.0 = Debug|Any CPU
		{9BAE9E35-889D-4242-B867-C43806A64E0D}.Release|Any CPU.ActiveCfg = Release|Any CPU
		{9BAE9E35-889D-4242-B867-C43806A64E0D}.Release|Any CPU.Build.0 = Release|Any CPU
	EndGlobalSection
	GlobalSection(SolutionProperties) = preSolution
		HideSolutionNode = FALSE
	EndGlobalSection
	GlobalSection(ExtensibilityGlobals) = postSolution
		SolutionGuid = {D8D8758C-1872-44E1-8D91-B1954BBD040A}
	EndGlobalSection
EndGlobal
